
Microsoft Visual Studio Solution File, Format Version 12.00
# Visual Studio Version 17
VisualStudioVersion = 17.2.32616.157
MinimumVisualStudioVersion = 10.0.40219.1
Project("{FAE04EC0-301F-11D3-BF4B-00C04F79EFBC}") = "User inputs", "User inputs\User inputs.csproj", "{07806953-322B-4EED-9B44-89245A186793}"
EndProject
Global
	GlobalSection(SolutionConfigurationPlatforms) = preSolution
		Debug|Any CPU = Debug|Any CPU
		Release|Any CPU = Release|Any CPU
	EndGlobalSection
	GlobalSection(ProjectConfigurationPlatforms) = postSolution
		{07806953-322B-4EED-9B44-89245A186793}.Debug|Any CPU.ActiveCfg = Debug|Any CPU
		{07806953-322B-4EED-9B44-89245A186793}.Debug|Any CPU.Build.0 = Debug|Any CPU
		{07806953-322B-4EED-9B44-89245A186793}.Release|Any CPU.ActiveCfg = Release|Any CPU
		{07806953-322B-4EED-9B44-89245A186793}.Release|Any CPU.Build.0 = Release|Any CPU
	EndGlobalSection
	GlobalSection(SolutionProperties) = preSolution
		HideSolutionNode = FALSE
	EndGlobalSection
	GlobalSection(ExtensibilityGlobals) = postSolution
		SolutionGuid = {C1500480-42A7-4231-B070-7E42467AE7F2}
	EndGlobalSection
EndGlobal
